
Microsoft Visual Studio Solution File, Format Version 12.00
Project("{FAE04EC0-301F-11D3-BF4B-00C04F79EFBC}") = "GimmeDatAPI.Web", "GimmeDatAPI.Web\GimmeDatAPI.Web.csproj", "{110C0DDE-D93B-4E1D-B441-EC4E7DC70388}"
EndProject
Project("{FAE04EC0-301F-11D3-BF4B-00C04F79EFBC}") = "GimmeDatAPI.PlainOldClrObjects", "GimmeDatAPI.PlainOldClrObjects\GimmeDatAPI.PlainOldClrObjects.csproj", "{F8501E5E-3E1D-4DB1-A522-F01D7C48D2E8}"
EndProject
Project("{FAE04EC0-301F-11D3-BF4B-00C04F79EFBC}") = "GimmeDatAPI.Configuration", "GimmeDatAPI.Configuration\GimmeDatAPI.Configuration.csproj", "{F1FAB63B-98E4-47D7-B6EB-EF52D212E0E3}"
EndProject
Project("{FAE04EC0-301F-11D3-BF4B-00C04F79EFBC}") = "GimmeDatAPI.Scraping", "GimmeDatAPI.Scraping\GimmeDatAPI.Scraping.csproj", "{0999E1E4-A5F8-4F25-8AC5-6B32265090CA}"
EndProject
Global
	GlobalSection(SolutionConfigurationPlatforms) = preSolution
		Debug|Any CPU = Debug|Any CPU
		Release|Any CPU = Release|Any CPU
	EndGlobalSection
	GlobalSection(ProjectConfigurationPlatforms) = postSolution
		{110C0DDE-D93B-4E1D-B441-EC4E7DC70388}.Debug|Any CPU.ActiveCfg = Debug|Any CPU
		{110C0DDE-D93B-4E1D-B441-EC4E7DC70388}.Debug|Any CPU.Build.0 = Debug|Any CPU
		{110C0DDE-D93B-4E1D-B441-EC4E7DC70388}.Release|Any CPU.ActiveCfg = Release|Any CPU
		{110C0DDE-D93B-4E1D-B441-EC4E7DC70388}.Release|Any CPU.Build.0 = Release|Any CPU
		{F8501E5E-3E1D-4DB1-A522-F01D7C48D2E8}.Debug|Any CPU.ActiveCfg = Debug|Any CPU
		{F8501E5E-3E1D-4DB1-A522-F01D7C48D2E8}.Debug|Any CPU.Build.0 = Debug|Any CPU
		{F8501E5E-3E1D-4DB1-A522-F01D7C48D2E8}.Release|Any CPU.ActiveCfg = Release|Any CPU
		{F8501E5E-3E1D-4DB1-A522-F01D7C48D2E8}.Release|Any CPU.Build.0 = Release|Any CPU
		{F1FAB63B-98E4-47D7-B6EB-EF52D212E0E3}.Debug|Any CPU.ActiveCfg = Debug|Any CPU
		{F1FAB63B-98E4-47D7-B6EB-EF52D212E0E3}.Debug|Any CPU.Build.0 = Debug|Any CPU
		{F1FAB63B-98E4-47D7-B6EB-EF52D212E0E3}.Release|Any CPU.ActiveCfg = Release|Any CPU
		{F1FAB63B-98E4-47D7-B6EB-EF52D212E0E3}.Release|Any CPU.Build.0 = Release|Any CPU
		{0999E1E4-A5F8-4F25-8AC5-6B32265090CA}.Debug|Any CPU.ActiveCfg = Debug|Any CPU
		{0999E1E4-A5F8-4F25-8AC5-6B32265090CA}.Debug|Any CPU.Build.0 = Debug|Any CPU
		{0999E1E4-A5F8-4F25-8AC5-6B32265090CA}.Release|Any CPU.ActiveCfg = Release|Any CPU
		{0999E1E4-A5F8-4F25-8AC5-6B32265090CA}.Release|Any CPU.Build.0 = Release|Any CPU
	EndGlobalSection
EndGlobal
